
Microsoft Visual Studio Solution File, Format Version 12.00
# Visual Studio Version 17
VisualStudioVersion = 17.6.33712.159
MinimumVisualStudioVersion = 10.0.40219.1
Project("{FAE04EC0-301F-11D3-BF4B-00C04F79EFBC}") = "prySP1Quiligotti", "prySP1Quiligotti\prySP1Quiligotti.csproj", "{C9EBE111-5983-4572-B1C5-8E5C26BAD41F}"
EndProject
Global
	GlobalSection(SolutionConfigurationPlatforms) = preSolution
		Debug|Any CPU = Debug|Any CPU
		Release|Any CPU = Release|Any CPU
	EndGlobalSection
	GlobalSection(ProjectConfigurationPlatforms) = postSolution
		{C9EBE111-5983-4572-B1C5-8E5C26BAD41F}.Debug|Any CPU.ActiveCfg = Debug|Any CPU
		{C9EBE111-5983-4572-B1C5-8E5C26BAD41F}.Debug|Any CPU.Build.0 = Debug|Any CPU
		{C9EBE111-5983-4572-B1C5-8E5C26BAD41F}.Release|Any CPU.ActiveCfg = Release|Any CPU
		{C9EBE111-5983-4572-B1C5-8E5C26BAD41F}.Release|Any CPU.Build.0 = Release|Any CPU
	EndGlobalSection
	GlobalSection(SolutionProperties) = preSolution
		HideSolutionNode = FALSE
	EndGlobalSection
	GlobalSection(ExtensibilityGlobals) = postSolution
		SolutionGuid = {33CCD1E0-F48A-497A-8224-0BC3AAD26ABD}
	EndGlobalSection
EndGlobal
